// !$*UTF8*$!
{
	archiveVersion = 1;
	classes = {
	};
	objectVersion = 56;
	objects = {

/* Begin PBXBuildFile section */
		841F49D3291BCCF900A4271F /* AppDelegate.swift in Sources */ = {isa = PBXBuildFile; fileRef = 841F49D2291BCCF900A4271F /* AppDelegate.swift */; };
		841F49D5291BCCF900A4271F /* SceneDelegate.swift in Sources */ = {isa = PBXBuildFile; fileRef = 841F49D4291BCCF900A4271F /* SceneDelegate.swift */; };
		841F49D7291BCCF900A4271F /* ViewController.swift in Sources */ = {isa = PBXBuildFile; fileRef = 841F49D6291BCCF900A4271F /* ViewController.swift */; };
		841F49DA291BCCF900A4271F /* Main.storyboard in Resources */ = {isa = PBXBuildFile; fileRef = 841F49D8291BCCF900A4271F /* Main.storyboard */; };
		841F49DC291BCCFB00A4271F /* Assets.xcassets in Resources */ = {isa = PBXBuildFile; fileRef = 841F49DB291BCCFB00A4271F /* Assets.xcassets */; };
		841F49DF291BCCFB00A4271F /* LaunchScreen.storyboard in Resources */ = {isa = PBXBuildFile; fileRef = 841F49DD291BCCFB00A4271F /* LaunchScreen.storyboard */; };
		841F49EA291BCCFC00A4271F /* FlowardTests.swift in Sources */ = {isa = PBXBuildFile; fileRef = 841F49E9291BCCFC00A4271F /* FlowardTests.swift */; };
		841F49F4291BCCFC00A4271F /* FlowardUITests.swift in Sources */ = {isa = PBXBuildFile; fileRef = 841F49F3291BCCFC00A4271F /* FlowardUITests.swift */; };
		841F49F6291BCCFC00A4271F /* FlowardUITestsLaunchTests.swift in Sources */ = {isa = PBXBuildFile; fileRef = 841F49F5291BCCFC00A4271F /* FlowardUITestsLaunchTests.swift */; };
/* End PBXBuildFile section */

/* Begin PBXContainerItemProxy section */
		841F49E6291BCCFC00A4271F /* PBXContainerItemProxy */ = {
			isa = PBXContainerItemProxy;
			containerPortal = 841F49C7291BCCF900A4271F /* Project object */;
			proxyType = 1;
			remoteGlobalIDString = 841F49CE291BCCF900A4271F;
			remoteInfo = Floward;
		};
		841F49F0291BCCFC00A4271F /* PBXContainerItemProxy */ = {
			isa = PBXContainerItemProxy;
			containerPortal = 841F49C7291BCCF900A4271F /* Project object */;
			proxyType = 1;
			remoteGlobalIDString = 841F49CE291BCCF900A4271F;
			remoteInfo = Floward;
		};
/* End PBXContainerItemProxy section */

/* Begin PBXFileReference section */
		841F49CF291BCCF900A4271F /* Floward.app */ = {isa = PBXFileReference; explicitFileType = wrapper.application; includeInIndex = 0; path = Floward.app; sourceTree = BUILT_PRODUCTS_DIR; };
		841F49D2291BCCF900A4271F /* AppDelegate.swift */ = {isa = PBXFileReference; lastKnownFileType = sourcecode.swift; path = AppDelegate.swift; sourceTree = "<group>"; };
		841F49D4291BCCF900A4271F /* SceneDelegate.swift */ = {isa = PBXFileReference; lastKnownFileType = sourcecode.swift; path = SceneDelegate.swift; sourceTree = "<group>"; };
		841F49D6291BCCF900A4271F /* ViewController.swift */ = {isa = PBXFileReference; lastKnownFileType = sourcecode.swift; path = ViewController.swift; sourceTree = "<group>"; };
		841F49D9291BCCF900A4271F /* Base */ = {isa = PBXFileReference; lastKnownFileType = file.storyboard; name = Base; path = Base.lproj/Main.storyboard; sourceTree = "<group>"; };
		841F49DB291BCCFB00A4271F /* Assets.xcassets */ = {isa = PBXFileReference; lastKnownFileType = folder.assetcatalog; path = Assets.xcassets; sourceTree = "<group>"; };
		841F49DE291BCCFB00A4271F /* Base */ = {isa = PBXFileReference; lastKnownFileType = file.storyboard; name = Base; path = Base.lproj/LaunchScreen.storyboard; sourceTree = "<group>"; };
		841F49E0291BCCFB00A4271F /* Info.plist */ = {isa = PBXFileReference; lastKnownFileType = text.plist.xml; path = Info.plist; sourceTree = "<group>"; };
		841F49E5291BCCFC00A4271F /* FlowardTests.xctest */ = {isa = PBXFileReference; explicitFileType = wrapper.cfbundle; includeInIndex = 0; path = FlowardTests.xctest; sourceTree = BUILT_PRODUCTS_DIR; };
		841F49E9291BCCFC00A4271F /* FlowardTests.swift */ = {isa = PBXFileReference; lastKnownFileType = sourcecode.swift; path = FlowardTests.swift; sourceTree = "<group>"; };
		841F49EF291BCCFC00A4271F /* FlowardUITests.xctest */ = {isa = PBXFileReference; explicitFileType = wrapper.cfbundle; includeInIndex = 0; path = FlowardUITests.xctest; sourceTree = BUILT_PRODUCTS_DIR; };
		841F49F3291BCCFC00A4271F /* FlowardUITests.swift */ = {isa = PBXFileReference; lastKnownFileType = sourcecode.swift; path = FlowardUITests.swift; sourceTree = "<group>"; };
		841F49F5291BCCFC00A4271F /* FlowardUITestsLaunchTests.swift */ = {isa = PBXFileReference; lastKnownFileType = sourcecode.swift; path = FlowardUITestsLaunchTests.swift; sourceTree = "<group>"; };
/* End PBXFileReference section */

/* Begin PBXFrameworksBuildPhase section */
		841F49CC291BCCF900A4271F /* Frameworks */ = {
			isa = PBXFrameworksBuildPhase;
			buildActionMask = 2147483647;
			files = (
			);
			runOnlyForDeploymentPostprocessing = 0;
		};
		841F49E2291BCCFC00A4271F /* Frameworks */ = {
			isa = PBXFrameworksBuildPhase;
			buildActionMask = 2147483647;
			files = (
			);
			runOnlyForDeploymentPostprocessing = 0;
		};
		841F49EC291BCCFC00A4271F /* Frameworks */ = {
			isa = PBXFrameworksBuildPhase;
			buildActionMask = 2147483647;
			files = (
			);
			runOnlyForDeploymentPostprocessing = 0;
		};
/* End PBXFrameworksBuildPhase section */

/* Begin PBXGroup section */
		841F49C6291BCCF900A4271F = {
			isa = PBXGroup;
			children = (
				841F49D1291BCCF900A4271F /* Floward */,
				841F49E8291BCCFC00A4271F /* FlowardTests */,
				841F49F2291BCCFC00A4271F /* FlowardUITests */,
				841F49D0291BCCF900A4271F /* Products */,
			);
			sourceTree = "<group>";
		};
		841F49D0291BCCF900A4271F /* Products */ = {
			isa = PBXGroup;
			children = (
				841F49CF291BCCF900A4271F /* Floward.app */,
				841F49E5291BCCFC00A4271F /* FlowardTests.xctest */,
				841F49EF291BCCFC00A4271F /* FlowardUITests.xctest */,
			);
			name = Products;
			sourceTree = "<group>";
		};
		841F49D1291BCCF900A4271F /* Floward */ = {
			isa = PBXGroup;
			children = (
				841F49D2291BCCF900A4271F /* AppDelegate.swift */,
				841F49D4291BCCF900A4271F /* SceneDelegate.swift */,
				841F49D6291BCCF900A4271F /* ViewController.swift */,
				841F49D8291BCCF900A4271F /* Main.storyboard */,
				841F49DB291BCCFB00A4271F /* Assets.xcassets */,
				841F49DD291BCCFB00A4271F /* LaunchScreen.storyboard */,
				841F49E0291BCCFB00A4271F /* Info.plist */,
			);
			path = Floward;
			sourceTree = "<group>";
		};
		841F49E8291BCCFC00A4271F /* FlowardTests */ = {
			isa = PBXGroup;
			children = (
				841F49E9291BCCFC00A4271F /* FlowardTests.swift */,
			);
			path = FlowardTests;
			sourceTree = "<group>";
		};
		841F49F2291BCCFC00A4271F /* FlowardUITests */ = {
			isa = PBXGroup;
			children = (
				841F49F3291BCCFC00A4271F /* FlowardUITests.swift */,
				841F49F5291BCCFC00A4271F /* FlowardUITestsLaunchTests.swift */,
			);
			path = FlowardUITests;
			sourceTree = "<group>";
		};
/* End PBXGroup section */

/* Begin PBXNativeTarget section */
		841F49CE291BCCF900A4271F /* Floward */ = {
			isa = PBXNativeTarget;
			buildConfigurationList = 841F49F9291BCCFC00A4271F /* Build configuration list for PBXNativeTarget "Floward" */;
			buildPhases = (
				841F49CB291BCCF900A4271F /* Sources */,
				841F49CC291BCCF900A4271F /* Frameworks */,
				841F49CD291BCCF900A4271F /* Resources */,
			);
			buildRules = (
			);
			dependencies = (
			);
			name = Floward;
			productName = Floward;
			productReference = 841F49CF291BCCF900A4271F /* Floward.app */;
			productType = "com.apple.product-type.application";
		};
		841F49E4291BCCFC00A4271F /* FlowardTests */ = {
			isa = PBXNativeTarget;
			buildConfigurationList = 841F49FC291BCCFC00A4271F /* Build configuration list for PBXNativeTarget "FlowardTests" */;
			buildPhases = (
				841F49E1291BCCFC00A4271F /* Sources */,
				841F49E2291BCCFC00A4271F /* Frameworks */,
				841F49E3291BCCFC00A4271F /* Resources */,
			);
			buildRules = (
			);
			dependencies = (
				841F49E7291BCCFC00A4271F /* PBXTargetDependency */,
			);
			name = FlowardTests;
			productName = FlowardTests;
			productReference = 841F49E5291BCCFC00A4271F /* FlowardTests.xctest */;
			productType = "com.apple.product-type.bundle.unit-test";
		};
		841F49EE291BCCFC00A4271F /* FlowardUITests */ = {
			isa = PBXNativeTarget;
			buildConfigurationList = 841F49FF291BCCFC00A4271F /* Build configuration list for PBXNativeTarget "FlowardUITests" */;
			buildPhases = (
				841F49EB291BCCFC00A4271F /* Sources */,
				841F49EC291BCCFC00A4271F /* Frameworks */,
				841F49ED291BCCFC00A4271F /* Resources */,
			);
			buildRules = (
			);
			dependencies = (
				841F49F1291BCCFC00A4271F /* PBXTargetDependency */,
			);
			name = FlowardUITests;
			productName = FlowardUITests;
			productReference = 841F49EF291BCCFC00A4271F /* FlowardUITests.xctest */;
			productType = "com.apple.product-type.bundle.ui-testing";
		};
/* End PBXNativeTarget section */

/* Begin PBXProject section */
		841F49C7291BCCF900A4271F /* Project object */ = {
			isa = PBXProject;
			attributes = {
				BuildIndependentTargetsInParallel = 1;
				LastSwiftUpdateCheck = 1400;
				LastUpgradeCheck = 1400;
				TargetAttributes = {
					841F49CE291BCCF900A4271F = {
						CreatedOnToolsVersion = 14.0.1;
					};
					841F49E4291BCCFC00A4271F = {
						CreatedOnToolsVersion = 14.0.1;
						TestTargetID = 841F49CE291BCCF900A4271F;
					};
					841F49EE291BCCFC00A4271F = {
						CreatedOnToolsVersion = 14.0.1;
						TestTargetID = 841F49CE291BCCF900A4271F;
					};
				};
			};
			buildConfigurationList = 841F49CA291BCCF900A4271F /* Build configuration list for PBXProject "Floward" */;
			compatibilityVersion = "Xcode 14.0";
			developmentRegion = en;
			hasScannedForEncodings = 0;
			knownRegions = (
				en,
				Base,
			);
			mainGroup = 841F49C6291BCCF900A4271F;
			productRefGroup = 841F49D0291BCCF900A4271F /* Products */;
			projectDirPath = "";
			projectRoot = "";
			targets = (
				841F49CE291BCCF900A4271F /* Floward */,
				841F49E4291BCCFC00A4271F /* FlowardTests */,
				841F49EE291BCCFC00A4271F /* FlowardUITests */,
			);
		};
/* End PBXProject section */

/* Begin PBXResourcesBuildPhase section */
		841F49CD291BCCF900A4271F /* Resources */ = {
			isa = PBXResourcesBuildPhase;
			buildActionMask = 2147483647;
			files = (
				841F49DF291BCCFB00A4271F /* LaunchScreen.storyboard in Resources */,
				841F49DC291BCCFB00A4271F /* Assets.xcassets in Resources */,
				841F49DA291BCCF900A4271F /* Main.storyboard in Resources */,
			);
			runOnlyForDeploymentPostprocessing = 0;
		};
		841F49E3291BCCFC00A4271F /* Resources */ = {
			isa = PBXResourcesBuildPhase;
			buildActionMask = 2147483647;
			files = (
			);
			runOnlyForDeploymentPostprocessing = 0;
		};
		841F49ED291BCCFC00A4271F /* Resources */ = {
			isa = PBXResourcesBuildPhase;
			buildActionMask = 2147483647;
			files = (
			);
			runOnlyForDeploymentPostprocessing = 0;
		};
/* End PBXResourcesBuildPhase section */

/* Begin PBXSourcesBuildPhase section */
		841F49CB291BCCF900A4271F /* Sources */ = {
			isa = PBXSourcesBuildPhase;
			buildActionMask = 2147483647;
			files = (
				841F49D7291BCCF900A4271F /* ViewController.swift in Sources */,
				841F49D3291BCCF900A4271F /* AppDelegate.swift in Sources */,
				841F49D5291BCCF900A4271F /* SceneDelegate.swift in Sources */,
			);
			runOnlyForDeploymentPostprocessing = 0;
		};
		841F49E1291BCCFC00A4271F /* Sources */ = {
			isa = PBXSourcesBuildPhase;
			buildActionMask = 2147483647;
			files = (
				841F49EA291BCCFC00A4271F /* FlowardTests.swift in Sources */,
			);
			runOnlyForDeploymentPostprocessing = 0;
		};
		841F49EB291BCCFC00A4271F /* Sources */ = {
			isa = PBXSourcesBuildPhase;
			buildActionMask = 2147483647;
			files = (
				841F49F6291BCCFC00A4271F /* FlowardUITestsLaunchTests.swift in Sources */,
				841F49F4291BCCFC00A4271F /* FlowardUITests.swift in Sources */,
			);
			runOnlyForDeploymentPostprocessing = 0;
		};
/* End PBXSourcesBuildPhase section */

/* Begin PBXTargetDependency section */
		841F49E7291BCCFC00A4271F /* PBXTargetDependency */ = {
			isa = PBXTargetDependency;
			target = 841F49CE291BCCF900A4271F /* Floward */;
			targetProxy = 841F49E6291BCCFC00A4271F /* PBXContainerItemProxy */;
		};
		841F49F1291BCCFC00A4271F /* PBXTargetDependency */ = {
			isa = PBXTargetDependency;
			target = 841F49CE291BCCF900A4271F /* Floward */;
			targetProxy = 841F49F0291BCCFC00A4271F /* PBXContainerItemProxy */;
		};
/* End PBXTargetDependency section */

/* Begin PBXVariantGroup section */
		841F49D8291BCCF900A4271F /* Main.storyboard */ = {
			isa = PBXVariantGroup;
			children = (
				841F49D9291BCCF900A4271F /* Base */,
			);
			name = Main.storyboard;
			sourceTree = "<group>";
		};
		841F49DD291BCCFB00A4271F /* LaunchScreen.storyboard */ = {
			isa = PBXVariantGroup;
			children = (
				841F49DE291BCCFB00A4271F /* Base */,
			);
			name = LaunchScreen.storyboard;
			sourceTree = "<group>";
		};
/* End PBXVariantGroup section */

/* Begin XCBuildConfiguration section */
		841F49F7291BCCFC00A4271F /* Debug */ = {
			isa = XCBuildConfiguration;
			buildSettings = {
				ALWAYS_SEARCH_USER_PATHS = NO;
				CLANG_ANALYZER_NONNULL = YES;
				CLANG_ANALYZER_NUMBER_OBJECT_CONVERSION = YES_AGGRESSIVE;
				CLANG_CXX_LANGUAGE_STANDARD = "gnu++20";
				CLANG_ENABLE_MODULES = YES;
				CLANG_ENABLE_OBJC_ARC = YES;
				CLANG_ENABLE_OBJC_WEAK = YES;
				CLANG_WARN_BLOCK_CAPTURE_AUTORELEASING = YES;
				CLANG_WARN_BOOL_CONVERSION = YES;
				CLANG_WARN_COMMA = YES;
				CLANG_WARN_CONSTANT_CONVERSION = YES;
				CLANG_WARN_DEPRECATED_OBJC_IMPLEMENTATIONS = YES;
				CLANG_WARN_DIRECT_OBJC_ISA_USAGE = YES_ERROR;
				CLANG_WARN_DOCUMENTATION_COMMENTS = YES;
				CLANG_WARN_EMPTY_BODY = YES;
				CLANG_WARN_ENUM_CONVERSION = YES;
				CLANG_WARN_INFINITE_RECURSION = YES;
				CLANG_WARN_INT_CONVERSION = YES;
				CLANG_WARN_NON_LITERAL_NULL_CONVERSION = YES;
				CLANG_WARN_OBJC_IMPLICIT_RETAIN_SELF = YES;
				CLANG_WARN_OBJC_LITERAL_CONVERSION = YES;
				CLANG_WARN_OBJC_ROOT_CLASS = YES_ERROR;
				CLANG_WARN_QUOTED_INCLUDE_IN_FRAMEWORK_HEADER = YES;
				CLANG_WARN_RANGE_LOOP_ANALYSIS = YES;
				CLANG_WARN_STRICT_PROTOTYPES = YES;
				CLANG_WARN_SUSPICIOUS_MOVE = YES;
				CLANG_WARN_UNGUARDED_AVAILABILITY = YES_AGGRESSIVE;
				CLANG_WARN_UNREACHABLE_CODE = YES;
				CLANG_WARN__DUPLICATE_METHOD_MATCH = YES;
				COPY_PHASE_STRIP = NO;
				DEBUG_INFORMATION_FORMAT = dwarf;
				ENABLE_STRICT_OBJC_MSGSEND = YES;
				ENABLE_TESTABILITY = YES;
				GCC_C_LANGUAGE_STANDARD = gnu11;
				GCC_DYNAMIC_NO_PIC = NO;
				GCC_NO_COMMON_BLOCKS = YES;
				GCC_OPTIMIZATION_LEVEL = 0;
				GCC_PREPROCESSOR_DEFINITIONS = (
					"DEBUG=1",
					"$(inherited)",
				);
				GCC_WARN_64_TO_32_BIT_CONVERSION = YES;
				GCC_WARN_ABOUT_RETURN_TYPE = YES_ERROR;
				GCC_WARN_UNDECLARED_SELECTOR = YES;
				GCC_WARN_UNINITIALIZED_AUTOS = YES_AGGRESSIVE;
				GCC_WARN_UNUSED_FUNCTION = YES;
				GCC_WARN_UNUSED_VARIABLE = YES;
				IPHONEOS_DEPLOYMENT_TARGET = 16.0;
				MTL_ENABLE_DEBUG_INFO = INCLUDE_SOURCE;
				MTL_FAST_MATH = YES;
				ONLY_ACTIVE_ARCH = YES;
				SDKROOT = iphoneos;
				SWIFT_ACTIVE_COMPILATION_CONDITIONS = DEBUG;
				SWIFT_OPTIMIZATION_LEVEL = "-Onone";
			};
			name = Debug;
		};
		841F49F8291BCCFC00A4271F /* Release */ = {
			isa = XCBuildConfiguration;
			buildSettings = {
				ALWAYS_SEARCH_USER_PATHS = NO;
				CLANG_ANALYZER_NONNULL = YES;
				CLANG_ANALYZER_NUMBER_OBJECT_CONVERSION = YES_AGGRESSIVE;
				CLANG_CXX_LANGUAGE_STANDARD = "gnu++20";
				CLANG_ENABLE_MODULES = YES;
				CLANG_ENABLE_OBJC_ARC = YES;
				CLANG_ENABLE_OBJC_WEAK = YES;
				CLANG_WARN_BLOCK_CAPTURE_AUTORELEASING = YES;
				CLANG_WARN_BOOL_CONVERSION = YES;
				CLANG_WARN_COMMA = YES;
				CLANG_WARN_CONSTANT_CONVERSION = YES;
				CLANG_WARN_DEPRECATED_OBJC_IMPLEMENTATIONS = YES;
				CLANG_WARN_DIRECT_OBJC_ISA_USAGE = YES_ERROR;
				CLANG_WARN_DOCUMENTATION_COMMENTS = YES;
				CLANG_WARN_EMPTY_BODY = YES;
				CLANG_WARN_ENUM_CONVERSION = YES;
				CLANG_WARN_INFINITE_RECURSION = YES;
				CLANG_WARN_INT_CONVERSION = YES;
				CLANG_WARN_NON_LITERAL_NULL_CONVERSION = YES;
				CLANG_WARN_OBJC_IMPLICIT_RETAIN_SELF = YES;
				CLANG_WARN_OBJC_LITERAL_CONVERSION = YES;
				CLANG_WARN_OBJC_ROOT_CLASS = YES_ERROR;
				CLANG_WARN_QUOTED_INCLUDE_IN_FRAMEWORK_HEADER = YES;
				CLANG_WARN_RANGE_LOOP_ANALYSIS = YES;
				CLANG_WARN_STRICT_PROTOTYPES = YES;
				CLANG_WARN_SUSPICIOUS_MOVE = YES;
				CLANG_WARN_UNGUARDED_AVAILABILITY = YES_AGGRESSIVE;
				CLANG_WARN_UNREACHABLE_CODE = YES;
				CLANG_WARN__DUPLICATE_METHOD_MATCH = YES;
				COPY_PHASE_STRIP = NO;
				DEBUG_INFORMATION_FORMAT = "dwarf-with-dsym";
				ENABLE_NS_ASSERTIONS = NO;
				ENABLE_STRICT_OBJC_MSGSEND = YES;
				GCC_C_LANGUAGE_STANDARD = gnu11;
				GCC_NO_COMMON_BLOCKS = YES;
				GCC_WARN_64_TO_32_BIT_CONVERSION = YES;
				GCC_WARN_ABOUT_RETURN_TYPE = YES_ERROR;
				GCC_WARN_UNDECLARED_SELECTOR = YES;
				GCC_WARN_UNINITIALIZED_AUTOS = YES_AGGRESSIVE;
				GCC_WARN_UNUSED_FUNCTION = YES;
				GCC_WARN_UNUSED_VARIABLE = YES;
				IPHONEOS_DEPLOYMENT_TARGET = 16.0;
				MTL_ENABLE_DEBUG_INFO = NO;
				MTL_FAST_MATH = YES;
				SDKROOT = iphoneos;
				SWIFT_COMPILATION_MODE = wholemodule;
				SWIFT_OPTIMIZATION_LEVEL = "-O";
				VALIDATE_PRODUCT = YES;
			};
			name = Release;
		};
		841F49FA291BCCFC00A4271F /* Debug */ = {
			isa = XCBuildConfiguration;
			buildSettings = {
				ASSETCATALOG_COMPILER_APPICON_NAME = AppIcon;
				ASSETCATALOG_COMPILER_GLOBAL_ACCENT_COLOR_NAME = AccentColor;
				CODE_SIGN_STYLE = Automatic;
				CURRENT_PROJECT_VERSION = 1;
				DEVELOPMENT_TEAM = N4M3759P9C;
				GENERATE_INFOPLIST_FILE = YES;
				INFOPLIST_FILE = Floward/Info.plist;
				INFOPLIST_KEY_UIApplicationSupportsIndirectInputEvents = YES;
				INFOPLIST_KEY_UILaunchStoryboardName = LaunchScreen;
				INFOPLIST_KEY_UIMainStoryboardFile = Main;
				INFOPLIST_KEY_UISupportedInterfaceOrientations_iPad = "UIInterfaceOrientationPortrait UIInterfaceOrientationPortraitUpsideDown UIInterfaceOrientationLandscapeLeft UIInterfaceOrientationLandscapeRight";
				INFOPLIST_KEY_UISupportedInterfaceOrientations_iPhone = "UIInterfaceOrientationPortrait UIInterfaceOrientationLandscapeLeft UIInterfaceOrientationLandscapeRight";
				LD_RUNPATH_SEARCH_PATHS = (
					"$(inherited)",
					"@executable_path/Frameworks",
				);
				MARKETING_VERSION = 1.0;
				PRODUCT_BUNDLE_IDENTIFIER = com.Floward;
				PRODUCT_NAME = "$(TARGET_NAME)";
				SWIFT_EMIT_LOC_STRINGS = YES;
				SWIFT_VERSION = 5.0;
				TARGETED_DEVICE_FAMILY = "1,2";
			};
			name = Debug;
		};
		841F49FB291BCCFC00A4271F /* Release */ = {
			isa = XCBuildConfiguration;
			buildSettings = {
				ASSETCATALOG_COMPILER_APPICON_NAME = AppIcon;
				ASSETCATALOG_COMPILER_GLOBAL_ACCENT_COLOR_NAME = AccentColor;
				CODE_SIGN_STYLE = Automatic;
				CURRENT_PROJECT_VERSION = 1;
				DEVELOPMENT_TEAM = N4M3759P9C;
				GENERATE_INFOPLIST_FILE = YES;
				INFOPLIST_FILE = Floward/Info.plist;
				INFOPLIST_KEY_UIApplicationSupportsIndirectInputEvents = YES;
				INFOPLIST_KEY_UILaunchStoryboardName = LaunchScreen;
				INFOPLIST_KEY_UIMainStoryboardFile = Main;
				INFOPLIST_KEY_UISupportedInterfaceOrientations_iPad = "UIInterfaceOrientationPortrait UIInterfaceOrientationPortraitUpsideDown UIInterfaceOrientationLandscapeLeft UIInterfaceOrientationLandscapeRight";
				INFOPLIST_KEY_UISupportedInterfaceOrientations_iPhone = "UIInterfaceOrientationPortrait UIInterfaceOrientationLandscapeLeft UIInterfaceOrientationLandscapeRight";
				LD_RUNPATH_SEARCH_PATHS = (
					"$(inherited)",
					"@executable_path/Frameworks",
				);
				MARKETING_VERSION = 1.0;
				PRODUCT_BUNDLE_IDENTIFIER = com.Floward;
				PRODUCT_NAME = "$(TARGET_NAME)";
				SWIFT_EMIT_LOC_STRINGS = YES;
				SWIFT_VERSION = 5.0;
				TARGETED_DEVICE_FAMILY = "1,2";
			};
			name = Release;
		};
		841F49FD291BCCFC00A4271F /* Debug */ = {
			isa = XCBuildConfiguration;
			buildSettings = {
				ALWAYS_EMBED_SWIFT_STANDARD_LIBRARIES = YES;
				BUNDLE_LOADER = "$(TEST_HOST)";
				CODE_SIGN_STYLE = Automatic;
				CURRENT_PROJECT_VERSION = 1;
				DEVELOPMENT_TEAM = N4M3759P9C;
				GENERATE_INFOPLIST_FILE = YES;
				IPHONEOS_DEPLOYMENT_TARGET = 16.0;
				MARKETING_VERSION = 1.0;
				PRODUCT_BUNDLE_IDENTIFIER = com.FlowardTests;
				PRODUCT_NAME = "$(TARGET_NAME)";
				SWIFT_EMIT_LOC_STRINGS = NO;
				SWIFT_VERSION = 5.0;
				TARGETED_DEVICE_FAMILY = "1,2";
				TEST_HOST = "$(BUILT_PRODUCTS_DIR)/Floward.app/$(BUNDLE_EXECUTABLE_FOLDER_PATH)/Floward";
			};
			name = Debug;
		};
		841F49FE291BCCFC00A4271F /* Release */ = {
			isa = XCBuildConfiguration;
			buildSettings = {
				ALWAYS_EMBED_SWIFT_STANDARD_LIBRARIES = YES;
				BUNDLE_LOADER = "$(TEST_HOST)";
				CODE_SIGN_STYLE = Automatic;
				CURRENT_PROJECT_VERSION = 1;
				DEVELOPMENT_TEAM = N4M3759P9C;
				GENERATE_INFOPLIST_FILE = YES;
				IPHONEOS_DEPLOYMENT_TARGET = 16.0;
				MARKETING_VERSION = 1.0;
				PRODUCT_BUNDLE_IDENTIFIER = com.FlowardTests;
				PRODUCT_NAME = "$(TARGET_NAME)";
				SWIFT_EMIT_LOC_STRINGS = NO;
				SWIFT_VERSION = 5.0;
				TARGETED_DEVICE_FAMILY = "1,2";
				TEST_HOST = "$(BUILT_PRODUCTS_DIR)/Floward.app/$(BUNDLE_EXECUTABLE_FOLDER_PATH)/Floward";
			};
			name = Release;
		};
		841F4A00291BCCFC00A4271F /* Debug */ = {
			isa = XCBuildConfiguration;
			buildSettings = {
				ALWAYS_EMBED_SWIFT_STANDARD_LIBRARIES = YES;
				CODE_SIGN_STYLE = Automatic;
				CURRENT_PROJECT_VERSION = 1;
				DEVELOPMENT_TEAM = N4M3759P9C;
				GENERATE_INFOPLIST_FILE = YES;
				MARKETING_VERSION = 1.0;
				PRODUCT_BUNDLE_IDENTIFIER = com.FlowardUITests;
				PRODUCT_NAME = "$(TARGET_NAME)";
				SWIFT_EMIT_LOC_STRINGS = NO;
				SWIFT_VERSION = 5.0;
				TARGETED_DEVICE_FAMILY = "1,2";
				TEST_TARGET_NAME = Floward;
			};
			name = Debug;
		};
		841F4A01291BCCFC00A4271F /* Release */ = {
			isa = XCBuildConfiguration;
			buildSettings = {
				ALWAYS_EMBED_SWIFT_STANDARD_LIBRARIES = YES;
				CODE_SIGN_STYLE = Automatic;
				CURRENT_PROJECT_VERSION = 1;
				DEVELOPMENT_TEAM = N4M3759P9C;
				GENERATE_INFOPLIST_FILE = YES;
				MARKETING_VERSION = 1.0;
				PRODUCT_BUNDLE_IDENTIFIER = com.FlowardUITests;
				PRODUCT_NAME = "$(TARGET_NAME)";
				SWIFT_EMIT_LOC_STRINGS = NO;
				SWIFT_VERSION = 5.0;
				TARGETED_DEVICE_FAMILY = "1,2";
				TEST_TARGET_NAME = Floward;
			};
			name = Release;
		};
/* End XCBuildConfiguration section */

/* Begin XCConfigurationList section */
		841F49CA291BCCF900A4271F /* Build configuration list for PBXProject "Floward" */ = {
			isa = XCConfigurationList;
			buildConfigurations = (
				841F49F7291BCCFC00A4271F /* Debug */,
				841F49F8291BCCFC00A4271F /* Release */,
			);
			defaultConfigurationIsVisible = 0;
			defaultConfigurationName = Release;
		};
		841F49F9291BCCFC00A4271F /* Build configuration list for PBXNativeTarget "Floward" */ = {
			isa = XCConfigurationList;
			buildConfigurations = (
				841F49FA291BCCFC00A4271F /* Debug */,
				841F49FB291BCCFC00A4271F /* Release */,
			);
			defaultConfigurationIsVisible = 0;
			defaultConfigurationName = Release;
		};
		841F49FC291BCCFC00A4271F /* Build configuration list for PBXNativeTarget "FlowardTests" */ = {
			isa = XCConfigurationList;
			buildConfigurations = (
				841F49FD291BCCFC00A4271F /* Debug */,
				841F49FE291BCCFC00A4271F /* Release */,
			);
			defaultConfigurationIsVisible = 0;
			defaultConfigurationName = Release;
		};
		841F49FF291BCCFC00A4271F /* Build configuration list for PBXNativeTarget "FlowardUITests" */ = {
			isa = XCConfigurationList;
			buildConfigurations = (
				841F4A00291BCCFC00A4271F /* Debug */,
				841F4A01291BCCFC00A4271F /* Release */,
			);
			defaultConfigurationIsVisible = 0;
			defaultConfigurationName = Release;
		};
/* End XCConfigurationList section */
	};
	rootObject = 841F49C7291BCCF900A4271F /* Project object */;
}
